
Microsoft Visual Studio Solution File, Format Version 12.00
# Visual Studio Version 16
VisualStudioVersion = 16.0.31321.278
MinimumVisualStudioVersion = 10.0.40219.1
Project("{FAE04EC0-301F-11D3-BF4B-00C04F79EFBC}") = "WebAPICore3", "WebAPICore3\WebAPICore3.csproj", "{B2E51596-BC24-4F98-B2FB-D69F32A19EC0}"
EndProject
Global
	GlobalSection(SolutionConfigurationPlatforms) = preSolution
		Debug|Any CPU = Debug|Any CPU
		Release|Any CPU = Release|Any CPU
	EndGlobalSection
	GlobalSection(ProjectConfigurationPlatforms) = postSolution
		{B2E51596-BC24-4F98-B2FB-D69F32A19EC0}.Debug|Any CPU.ActiveCfg = Debug|Any CPU
		{B2E51596-BC24-4F98-B2FB-D69F32A19EC0}.Debug|Any CPU.Build.0 = Debug|Any CPU
		{B2E51596-BC24-4F98-B2FB-D69F32A19EC0}.Release|Any CPU.ActiveCfg = Release|Any CPU
		{B2E51596-BC24-4F98-B2FB-D69F32A19EC0}.Release|Any CPU.Build.0 = Release|Any CPU
	EndGlobalSection
	GlobalSection(SolutionProperties) = preSolution
		HideSolutionNode = FALSE
	EndGlobalSection
	GlobalSection(ExtensibilityGlobals) = postSolution
		SolutionGuid = {7DE9B47F-2301-4A6B-B317-DAE131B502BC}
	EndGlobalSection
EndGlobal
